
Microsoft Visual Studio Solution File, Format Version 12.00
# Visual Studio 15
VisualStudioVersion = 15.0.28307.136
MinimumVisualStudioVersion = 10.0.40219.1
Project("{FAE04EC0-301F-11D3-BF4B-00C04F79EFBC}") = "LC2_AddTwoNumbers", "lc2_addtwonumbers\LC2_AddTwoNumbers.csproj", "{20D698FF-14D8-48EE-8099-56119D99D693}"
EndProject
Project("{FAE04EC0-301F-11D3-BF4B-00C04F79EFBC}") = "LC3_LongestSubstringWithoutRepeatingChar", "LC3_LongestSubstringWithoutRepeatingChar\LC3_LongestSubstringWithoutRepeatingChar.csproj", "{AB28F56A-DC23-457C-AC11-1BAA4DC11400}"
EndProject
Project("{FAE04EC0-301F-11D3-BF4B-00C04F79EFBC}") = "LC4_MedianOfTwoSortedArrays", "LC4_MediaOfTwoSortedArrays\LC4_MedianOfTwoSortedArrays.csproj", "{60C5E2B2-3443-43D1-AF7C-3B4E9B41CE87}"
EndProject
Project("{FAE04EC0-301F-11D3-BF4B-00C04F79EFBC}") = "LC1_TwoSum", "LC1_TwoSum\LC1_TwoSum.csproj", "{BD0E6782-2545-48D7-B058-A11336B45E49}"
EndProject
Project("{FAE04EC0-301F-11D3-BF4B-00C04F79EFBC}") = "LC5_LongestPalidromicSubstring", "LC5_LongestPalidromicSubstring\LC5_LongestPalidromicSubstring.csproj", "{0113CDCC-CA82-4054-9A06-3C8973078F1B}"
EndProject
Project("{FAE04EC0-301F-11D3-BF4B-00C04F79EFBC}") = "LC10_RegexMatching", "LC10_RegexMatching\LC10_RegexMatching.csproj", "{674A6859-FA26-4AFD-A1ED-BDC13D632F11}"
EndProject
Project("{FAE04EC0-301F-11D3-BF4B-00C04F79EFBC}") = "LC11_ContainerWithMostWater", "LC11_ContainerWithMostWater\LC11_ContainerWithMostWater.csproj", "{7BD4DFB1-7F38-4BF9-BF08-E9C950A7358E}"
EndProject
Project("{FAE04EC0-301F-11D3-BF4B-00C04F79EFBC}") = "LC15_ThreeSum", "LC15_ThreeSum\LC15_ThreeSum.csproj", "{3F0527E1-ACD7-4DD1-A846-AC0091BF921E}"
EndProject
Project("{FAE04EC0-301F-11D3-BF4B-00C04F79EFBC}") = "LC17_CombinationOfAPhoneNumber", "LC17_CombinationOfAPhoneNumber\LC17_CombinationOfAPhoneNumber.csproj", "{92F91EFA-4BE3-4802-9B11-228124FF4E04}"
EndProject
Project("{FAE04EC0-301F-11D3-BF4B-00C04F79EFBC}") = "LC19_RemoveNthNodeFromEnd", "LC19_RemoveNthNodeFromEnd\LC19_RemoveNthNodeFromEnd.csproj", "{464EB9E1-967A-442A-9727-19046702AC17}"
EndProject
Project("{FAE04EC0-301F-11D3-BF4B-00C04F79EFBC}") = "LC20_ValidParentheses", "LC20_ValidParentheses\LC20_ValidParentheses.csproj", "{F799DE50-B481-4AC3-BC34-2022D046E2A6}"
EndProject
Project("{FAE04EC0-301F-11D3-BF4B-00C04F79EFBC}") = "LC21_Merge2SortedArrays", "LC21_Merge2SortedArrays\LC21_Merge2SortedArrays.csproj", "{C2B2A141-8C31-4D56-B144-5BCB7D9C7BF9}"
EndProject
Project("{FAE04EC0-301F-11D3-BF4B-00C04F79EFBC}") = "CommonUtilities", "CommonUtilities\CommonUtilities.csproj", "{393708DB-E199-4A6C-A163-B39F911ECE8F}"
EndProject
Project("{FAE04EC0-301F-11D3-BF4B-00C04F79EFBC}") = "LC22_GenerateParentheses", "LC22_GenerateParentheses\LC22_GenerateParentheses.csproj", "{0034FA5B-BB31-48A5-A44B-AB208FB15D96}"
EndProject
Project("{FAE04EC0-301F-11D3-BF4B-00C04F79EFBC}") = "LC23_MergeKSortedArrays", "LC23_MergeKSortedArrays\LC23_MergeKSortedArrays.csproj", "{E7496697-76A9-4996-B200-A2FFD6CA3ED5}"
EndProject
Project("{FAE04EC0-301F-11D3-BF4B-00C04F79EFBC}") = "LC26_RemoveDuplicatesFromSortedArray", "LC26_RemoveDuplicatesFromSortedArray\LC26_RemoveDuplicatesFromSortedArray.csproj", "{137990A9-2E1D-46FC-8658-AF61A9BD4BBE}"
EndProject
Project("{FAE04EC0-301F-11D3-BF4B-00C04F79EFBC}") = "LC28_NeedleInAHaystack", "LC28_NeedleInAHaystack\LC28_NeedleInAHaystack.csproj", "{45C1CBE6-8C17-4FC3-A2F0-BCA845D2D56D}"
EndProject
Project("{FAE04EC0-301F-11D3-BF4B-00C04F79EFBC}") = "LC30_SubstringContcatenationOfAllWords", "LC30_SubstringContcatenationOfAllWords\LC30_SubstringContcatenationOfAllWords.csproj", "{6E40B36C-C8B9-4C57-904D-947E5DADD6B1}"
EndProject
Project("{FAE04EC0-301F-11D3-BF4B-00C04F79EFBC}") = "LC31_NextPermutation", "LC31_NextPermutation\LC31_NextPermutation.csproj", "{4442FF70-5455-4D53-A5AB-BE7EDCAD6247}"
EndProject
Project("{FAE04EC0-301F-11D3-BF4B-00C04F79EFBC}") = "LC32_LongestValidParentheses", "LC32_LongestValidParentheses\LC32_LongestValidParentheses.csproj", "{1513539E-7C46-4F0F-9BAC-7310D08F15C3}"
EndProject
Project("{FAE04EC0-301F-11D3-BF4B-00C04F79EFBC}") = "LC33_SearchInRotatedSortedArray", "LC33_SearchInRotatedSortedArray\LC33_SearchInRotatedSortedArray.csproj", "{ECA67CAE-54B1-4524-AEB5-5AF4AAD66BD5}"
EndProject
Project("{FAE04EC0-301F-11D3-BF4B-00C04F79EFBC}") = "LC34_FindTheFirstAndLastElementIntheSortedArray", "LC34_FindTheFirstAndLastElementIntheSortedArray\LC34_FindTheFirstAndLastElementIntheSortedArray.csproj", "{2479B7CA-0299-46A9-8656-DB7712174EB4}"
EndProject
Project("{FAE04EC0-301F-11D3-BF4B-00C04F79EFBC}") = "LC35_SearchInsertPosition", "LC35_SearchInsertPosition\LC35_SearchInsertPosition.csproj", "{136C34CF-A0C0-47C4-8DE9-313AB4AF644C}"
EndProject
Project("{FAE04EC0-301F-11D3-BF4B-00C04F79EFBC}") = "LC39_CombinationSum", "LC39_CombinationSum\LC39_CombinationSum.csproj", "{E7B79B70-17E3-43F2-A82E-08F964023712}"
EndProject
Project("{FAE04EC0-301F-11D3-BF4B-00C04F79EFBC}") = "LC40_CombinationSumSingleUse", "LC40_CombinationSumSingleUse\LC40_CombinationSumSingleUse.csproj", "{3B690557-4963-4D4C-96AE-66548EC659C2}"
EndProject
Project("{FAE04EC0-301F-11D3-BF4B-00C04F79EFBC}") = "LC41_FindTheFirstPositiveInt", "LC41_FindTheFirstPositiveInt\LC41_FindTheFirstPositiveInt.csproj", "{06C39B32-3150-4FC4-8D0A-16AF3433598C}"
EndProject
Project("{FAE04EC0-301F-11D3-BF4B-00C04F79EFBC}") = "LC42_TrappingRainWater", "LC42_TrappingRainWater\LC42_TrappingRainWater.csproj", "{08046F2F-90B5-4C8F-AEA9-F9C739534179}"
EndProject
Project("{FAE04EC0-301F-11D3-BF4B-00C04F79EFBC}") = "LC44_WildCharMatching", "LC44_WildCharMatching\LC44_WildCharMatching.csproj", "{3A06FDBA-6FF8-4C89-9203-36758770D9FB}"
EndProject
Project("{FAE04EC0-301F-11D3-BF4B-00C04F79EFBC}") = "LC45_JumpGame", "LC45_JumpGame\LC45_JumpGame.csproj", "{566C66B5-B6C7-451A-8E55-E70B646920F6}"
EndProject
Project("{FAE04EC0-301F-11D3-BF4B-00C04F79EFBC}") = "LC46_Permutations", "LC46_Permutations\LC46_Permutations.csproj", "{1D8F1AAC-724E-46D2-AD64-F44FE1D61F5C}"
EndProject
Project("{FAE04EC0-301F-11D3-BF4B-00C04F79EFBC}") = "LC49_GroupAnagrams", "LC49_GroupAnagrams\LC49_GroupAnagrams.csproj", "{BDA9BDBF-37E4-4E60-A529-2F38E3FE0138}"
EndProject
Project("{FAE04EC0-301F-11D3-BF4B-00C04F79EFBC}") = "LC53_MaximumSubArraySum", "LC53_MaximumSubArraySum\LC53_MaximumSubArraySum.csproj", "{1012DDDC-78E5-45F7-81EA-6F65FDB2B624}"
EndProject
Project("{FAE04EC0-301F-11D3-BF4B-00C04F79EFBC}") = "LC54_SpiralMatrix", "LC54_SpiralMatrix\LC54_SpiralMatrix.csproj", "{85280E02-D8CE-417D-A587-316495808CAF}"
EndProject
Project("{FAE04EC0-301F-11D3-BF4B-00C04F79EFBC}") = "LC56_MergeIntervals", "LC56_MergeIntervals\LC56_MergeIntervals.csproj", "{0E519CE5-9C6C-4AD3-8B9E-79D4839A3FBF}"
EndProject
Project("{FAE04EC0-301F-11D3-BF4B-00C04F79EFBC}") = "LC51_NQueens", "LC51_NQueens\LC51_NQueens.csproj", "{433FC9AF-A365-4BB7-B613-00D740A55527}"
EndProject
Project("{FAE04EC0-301F-11D3-BF4B-00C04F79EFBC}") = "LC60_PermutationSequence", "LC60_PermutationSequence\LC60_PermutationSequence.csproj", "{C33B611F-B07E-4D0D-AF88-5FAA0B5AB6B0}"
EndProject
Project("{FAE04EC0-301F-11D3-BF4B-00C04F79EFBC}") = "LC62_UniquePath", "LC62_UniquePath\LC62_UniquePath.csproj", "{99285DE2-B179-4DD7-9BCA-6C7D757698C2}"
EndProject
Project("{FAE04EC0-301F-11D3-BF4B-00C04F79EFBC}") = "LC64_MinimumPathSum", "LC64_MinimumPathSum\LC64_MinimumPathSum.csproj", "{6321EC46-891A-4070-8814-C5B6F8CEF289}"
EndProject
Project("{FAE04EC0-301F-11D3-BF4B-00C04F79EFBC}") = "LC70_ClimbingStairs", "LC70_ClimbingStairs\LC70_ClimbingStairs.csproj", "{5E9BF932-A0EE-4CCF-8BC9-F8C8C0208F50}"
EndProject
Project("{FAE04EC0-301F-11D3-BF4B-00C04F79EFBC}") = "LC72_EditDistance", "LC72_EditDistance\LC72_EditDistance.csproj", "{C7D0E942-5787-4F79-A744-F1E369BDBF87}"
EndProject
Project("{FAE04EC0-301F-11D3-BF4B-00C04F79EFBC}") = "LC74_SearchMatrix", "LC74_SearchMatrix\LC74_SearchMatrix.csproj", "{CAB222D3-12AA-4916-88E6-548262C7890C}"
EndProject
Project("{FAE04EC0-301F-11D3-BF4B-00C04F79EFBC}") = "LC75_SortColors", "LC75_SortColors\LC75_SortColors.csproj", "{E99228D7-085E-460F-AAF9-A1EE64786E81}"
EndProject
Project("{FAE04EC0-301F-11D3-BF4B-00C04F79EFBC}") = "LC76_MinimumWindowSubstring", "LC76_MinimumWindowSubstring\LC76_MinimumWindowSubstring.csproj", "{154F8B38-82D3-4D75-B053-E46E5485DECF}"
EndProject
Project("{FAE04EC0-301F-11D3-BF4B-00C04F79EFBC}") = "LC77_Combinations", "LC77_Combinations\LC77_Combinations.csproj", "{9510EDA6-1027-4B0F-B527-24450040A5B0}"
EndProject
Project("{FAE04EC0-301F-11D3-BF4B-00C04F79EFBC}") = "LC78_Subsets", "LC78_Subsets\LC78_Subsets.csproj", "{4AF988CE-E49D-4AC0-B735-8A65F3A0FF0C}"
EndProject
Project("{FAE04EC0-301F-11D3-BF4B-00C04F79EFBC}") = "LC79_WordSearch", "LC79_WordSearch\LC79_WordSearch.csproj", "{E26D1487-3390-43DC-BB38-167A68E4900A}"
EndProject
Project("{FAE04EC0-301F-11D3-BF4B-00C04F79EFBC}") = "LC84_LargestHistogramRect", "LC84_LargestHistogramRect\LC84_LargestHistogramRect.csproj", "{FC948B75-F62F-485F-A2B6-C1F08C32F96F}"
EndProject
Project("{FAE04EC0-301F-11D3-BF4B-00C04F79EFBC}") = "LC85_MaximalRectangle", "LC85_MaximalRectangle\LC85_MaximalRectangle.csproj", "{439C01BF-0AE9-4648-9038-8F07DA8E9968}"
EndProject
Project("{FAE04EC0-301F-11D3-BF4B-00C04F79EFBC}") = "LC88_MergeSortedArray", "LC88_MergeSortedArray\LC88_MergeSortedArray.csproj", "{16300B6B-7F60-496E-8C84-0A5871CDD25C}"
EndProject
Project("{FAE04EC0-301F-11D3-BF4B-00C04F79EFBC}") = "LC91_DecodeNumberOfWays", "LC91_DecodeNumberOfWays\LC91_DecodeNumberOfWays.csproj", "{ABA3703B-AF43-4AE5-BF7D-60A6D0D57796}"
EndProject
Project("{FAE04EC0-301F-11D3-BF4B-00C04F79EFBC}") = "LC94_BinaryTreeInOrderTraversal", "LC94_BinaryTreeInOrderTraversal\LC94_BinaryTreeInOrderTraversal.csproj", "{C0C7B4BA-8F69-4B81-8055-0EDDBF73E38D}"
EndProject
Project("{FAE04EC0-301F-11D3-BF4B-00C04F79EFBC}") = "LC95_UniqueBST", "LC95_UniqueBST\LC95_UniqueBST.csproj", "{E80F26E8-A8FA-4675-ABAF-C202CDBA63F6}"
EndProject
Project("{FAE04EC0-301F-11D3-BF4B-00C04F79EFBC}") = "LC98_ValidateBinarySearchTree", "LC98_ValidateBinarySearchTree\LC98_ValidateBinarySearchTree.csproj", "{7379E21C-CF5D-4180-89F3-E8AC8250545B}"
EndProject
Project("{FAE04EC0-301F-11D3-BF4B-00C04F79EFBC}") = "LC100_SameTree", "LC100_SameTree\LC100_SameTree.csproj", "{0903AFFB-7C70-40D4-813E-6C4266E942D8}"
EndProject
Project("{FAE04EC0-301F-11D3-BF4B-00C04F79EFBC}") = "LC101_SymetricTree", "LC101_SymetricTree\LC101_SymetricTree.csproj", "{E9A19DE5-BA9C-4F39-9B20-5849F25807F4}"
EndProject
Project("{FAE04EC0-301F-11D3-BF4B-00C04F79EFBC}") = "LC102_BinaryTreeLevelOrderTraversal", "LC102_BinaryTreeLevelOrderTraversal\LC102_BinaryTreeLevelOrderTraversal.csproj", "{029576E9-DE05-4AB4-8479-1BE7F3248927}"
EndProject
Project("{FAE04EC0-301F-11D3-BF4B-00C04F79EFBC}") = "LC104_TreeDepth", "LC104_TreeDepth\LC104_TreeDepth.csproj", "{09E74018-0DA6-496B-A42C-F00C7ABC1CAD}"
EndProject
Project("{FAE04EC0-301F-11D3-BF4B-00C04F79EFBC}") = "LC108_ConvertSortedArrayToBST", "LC108_ConvertSortedArrayToBST\LC108_ConvertSortedArrayToBST.csproj", "{EE88DA48-F89E-46B1-AE27-A52A10A8CEC7}"
EndProject
Project("{FAE04EC0-301F-11D3-BF4B-00C04F79EFBC}") = "LC110_BalancedTree", "LC110_BalancedTree\LC110_BalancedTree.csproj", "{D327D3CB-D133-4028-9B71-C84B5B9D08E4}"
EndProject
Project("{FAE04EC0-301F-11D3-BF4B-00C04F79EFBC}") = "LC112_PathSum", "LC112_PathSum\LC112_PathSum.csproj", "{579C6EC6-9FA4-4135-A658-D8A1BDFCDB7F}"
EndProject
Project("{FAE04EC0-301F-11D3-BF4B-00C04F79EFBC}") = "LC115_DistinctSubsequences", "LC115_DistinctSubsequences\LC115_DistinctSubsequences.csproj", "{571E76F2-7ECE-4EA3-ADE2-93C83626932A}"
EndProject
Project("{FAE04EC0-301F-11D3-BF4B-00C04F79EFBC}") = "LC121_BestTimeToBuyAndSellStock", "LC121_BestTimeToBuyAndSellStock\LC121_BestTimeToBuyAndSellStock.csproj", "{008239A1-1E77-4F2C-93D0-4FFD2AF387B3}"
EndProject
Project("{FAE04EC0-301F-11D3-BF4B-00C04F79EFBC}") = "LC124_BinaryTreeMaxPathSum", "LC124_BinaryTreeMaxPathSum\LC124_BinaryTreeMaxPathSum.csproj", "{DEE28D61-212F-4942-A136-36CDF59C6BDE}"
EndProject
Project("{FAE04EC0-301F-11D3-BF4B-00C04F79EFBC}") = "LC125_ValidPalidrome", "LC125_ValidPalidrome\LC125_ValidPalidrome.csproj", "{847304D5-497C-4D01-95C6-C5F5D50E48A1}"
EndProject
Project("{FAE04EC0-301F-11D3-BF4B-00C04F79EFBC}") = "LC126_WordLadder", "LC126_WordLadder\LC126_WordLadder.csproj", "{ECE0D536-4144-4F50-8613-C2BF0EF214A1}"
EndProject
Project("{FAE04EC0-301F-11D3-BF4B-00C04F79EFBC}") = "LC128_LongestSequence", "LC128_LongestSequence\LC128_LongestSequence.csproj", "{59F9232A-3FD3-460F-9048-E727EAE03456}"
EndProject
Project("{FAE04EC0-301F-11D3-BF4B-00C04F79EFBC}") = "LC136_SingleNumber", "LC136_SingleNumber\LC136_SingleNumber.csproj", "{74086CCF-88B2-43A5-AF7D-CB196EC328CB}"
EndProject
Project("{FAE04EC0-301F-11D3-BF4B-00C04F79EFBC}") = "LC139_WordBreak", "LC139_WordBreak\LC139_WordBreak.csproj", "{C8D54AAF-B04E-44E2-A822-64DC8E1009F6}"
EndProject
Project("{FAE04EC0-301F-11D3-BF4B-00C04F79EFBC}") = "LC146_LRUCache", "LC146_LRUCache\LC146_LRUCache.csproj", "{58F1702A-A02D-4BC0-9D4F-05AD09A96AB9}"
EndProject
Project("{FAE04EC0-301F-11D3-BF4B-00C04F79EFBC}") = "LC152_MaxProductSubArray", "LC152_MaxProductSubArray\LC152_MaxProductSubArray.csproj", "{0E623CC0-73C9-4A0A-8C94-A20FFD0389EB}"
EndProject
Project("{FAE04EC0-301F-11D3-BF4B-00C04F79EFBC}") = "LC171_ExcelColumNumber", "LC171_ExcelColumNumber\LC171_ExcelColumNumber.csproj", "{B4069032-06C6-40CC-8718-AAFF22FAFEB1}"
EndProject
Project("{FAE04EC0-301F-11D3-BF4B-00C04F79EFBC}") = "LC174_DungeonGame", "LC174_DungeonGame\LC174_DungeonGame.csproj", "{8A9203BC-14BB-4BA9-895F-140E91E84E75}"
EndProject
Project("{FAE04EC0-301F-11D3-BF4B-00C04F79EFBC}") = "LC198_HouseRobber", "LC198_HouseRobber\LC198_HouseRobber.csproj", "{47E3F9FF-A906-49BE-B22E-E921A8D9A73B}"
EndProject
Project("{FAE04EC0-301F-11D3-BF4B-00C04F79EFBC}") = "LC199_BinaryTreeSideView", "LC199_BinaryTreeSideView\LC199_BinaryTreeSideView.csproj", "{E62A1302-BC43-450B-905B-894DB52FAFC9}"
EndProject
Project("{FAE04EC0-301F-11D3-BF4B-00C04F79EFBC}") = "LC200_NumberOfIslands", "LC200_NumberOfIslands\LC200_NumberOfIslands.csproj", "{2847FC73-07F2-49AB-A8B5-430EAF07AF4A}"
EndProject
Project("{FAE04EC0-301F-11D3-BF4B-00C04F79EFBC}") = "LC201_BitAndRange", "LC201_BitAndRange\LC201_BitAndRange.csproj", "{330E14E3-40A8-4F6E-B7A5-BA79DA8C17E5}"
EndProject
Project("{FAE04EC0-301F-11D3-BF4B-00C04F79EFBC}") = "LC204_CountingPrimes", "LC204_CountingPrimes\LC204_CountingPrimes.csproj", "{5FB00059-8077-4EE7-9B6A-516D9FFFB730}"
EndProject
Project("{FAE04EC0-301F-11D3-BF4B-00C04F79EFBC}") = "LC208_PrefixTree", "LC208_PrefixTree\LC208_PrefixTree.csproj", "{FE5EFA40-43E9-4ADE-874B-DFBBA02C6164}"
EndProject
Project("{FAE04EC0-301F-11D3-BF4B-00C04F79EFBC}") = "LC215_KthLargestInArray", "LC215_KthLargestInArray\LC215_KthLargestInArray.csproj", "{C2600B64-25E5-4021-B8E9-6D3034FEC687}"
EndProject
Project("{FAE04EC0-301F-11D3-BF4B-00C04F79EFBC}") = "LC216_CombinationSum", "LC216_CombinationSum\LC216_CombinationSum.csproj", "{4B5524E0-B546-45E7-9623-FDF3FFCAEC80}"
EndProject
Project("{FAE04EC0-301F-11D3-BF4B-00C04F79EFBC}") = "LC218_SkyLineProblem", "LC218_SkyLineProblem\LC218_SkyLineProblem.csproj", "{FE55994D-CED1-497B-AC80-250FF4F2AC95}"
EndProject
Project("{FAE04EC0-301F-11D3-BF4B-00C04F79EFBC}") = "LC221_MaximalSquare", "LC221_MaximalSquare\LC221_MaximalSquare.csproj", "{04138CCA-B1F1-4BB1-8BCC-188644F9CDE7}"
EndProject
Project("{FAE04EC0-301F-11D3-BF4B-00C04F79EFBC}") = "LC226_InvertBinaryTree", "LC226_InvertBinaryTree\LC226_InvertBinaryTree.csproj", "{A42855D3-2688-4439-8B65-F9B66B232C1A}"
EndProject
Project("{FAE04EC0-301F-11D3-BF4B-00C04F79EFBC}") = "LC230_KthSmallestInABinaryTree", "LC230_KthSmallestInABinaryTree\LC230_KthSmallestInABinaryTree.csproj", "{478E639E-B6E3-48D9-84D5-D1DF5B282D5F}"
EndProject
Project("{FAE04EC0-301F-11D3-BF4B-00C04F79EFBC}") = "LC231_PowerOfTwo", "LC231_PowerOfTwo\LC231_PowerOfTwo.csproj", "{337BD2D9-C903-42CF-8F88-F13573959D52}"
EndProject
Project("{FAE04EC0-301F-11D3-BF4B-00C04F79EFBC}") = "LC235_LowestCommonAncestor", "LC235_LowestCommonAncestor\LC235_LowestCommonAncestor.csproj", "{6FF23AB9-E889-4EE8-A03F-76FF5EF81A1D}"
EndProject
Project("{FAE04EC0-301F-11D3-BF4B-00C04F79EFBC}") = "LC239_SlidingWindowMaximum", "LC239_SlidingWindowMaximum\LC239_SlidingWindowMaximum.csproj", "{A222DD7A-9172-44A4-80D7-D34BD5CE2F88}"
EndProject
Project("{FAE04EC0-301F-11D3-BF4B-00C04F79EFBC}") = "LC252_MeetingRooms", "LC252_MeetingRooms\LC252_MeetingRooms.csproj", "{EF5B1D71-7A2C-4B8C-A1BA-C2FE535394D5}"
EndProject
Project("{FAE04EC0-301F-11D3-BF4B-00C04F79EFBC}") = "LC260_SingleNumber", "LC260_SingleNumber\LC260_SingleNumber.csproj", "{3C6BA9F5-0EA9-42CF-B2F7-660877E1A131}"
EndProject
Project("{FAE04EC0-301F-11D3-BF4B-00C04F79EFBC}") = "LC300_LongestIncreasingSubsequence", "LC300_LongestIncreasingSubsequence\LC300_LongestIncreasingSubsequence.csproj", "{F4443969-8E3A-4690-BF19-8E776B0CBCCD}"
EndProject
Global
	GlobalSection(SolutionConfigurationPlatforms) = preSolution
		Debug|Any CPU = Debug|Any CPU
		Release|Any CPU = Release|Any CPU
	EndGlobalSection
	GlobalSection(ProjectConfigurationPlatforms) = postSolution
		{20D698FF-14D8-48EE-8099-56119D99D693}.Debug|Any CPU.ActiveCfg = Debug|Any CPU
		{20D698FF-14D8-48EE-8099-56119D99D693}.Debug|Any CPU.Build.0 = Debug|Any CPU
		{20D698FF-14D8-48EE-8099-56119D99D693}.Release|Any CPU.ActiveCfg = Release|Any CPU
		{20D698FF-14D8-48EE-8099-56119D99D693}.Release|Any CPU.Build.0 = Release|Any CPU
		{AB28F56A-DC23-457C-AC11-1BAA4DC11400}.Debug|Any CPU.ActiveCfg = Debug|Any CPU
		{AB28F56A-DC23-457C-AC11-1BAA4DC11400}.Debug|Any CPU.Build.0 = Debug|Any CPU
		{AB28F56A-DC23-457C-AC11-1BAA4DC11400}.Release|Any CPU.ActiveCfg = Release|Any CPU
		{AB28F56A-DC23-457C-AC11-1BAA4DC11400}.Release|Any CPU.Build.0 = Release|Any CPU
		{60C5E2B2-3443-43D1-AF7C-3B4E9B41CE87}.Debug|Any CPU.ActiveCfg = Debug|Any CPU
		{60C5E2B2-3443-43D1-AF7C-3B4E9B41CE87}.Debug|Any CPU.Build.0 = Debug|Any CPU
		{60C5E2B2-3443-43D1-AF7C-3B4E9B41CE87}.Release|Any CPU.ActiveCfg = Release|Any CPU
		{60C5E2B2-3443-43D1-AF7C-3B4E9B41CE87}.Release|Any CPU.Build.0 = Release|Any CPU
		{BD0E6782-2545-48D7-B058-A11336B45E49}.Debug|Any CPU.ActiveCfg = Debug|Any CPU
		{BD0E6782-2545-48D7-B058-A11336B45E49}.Debug|Any CPU.Build.0 = Debug|Any CPU
		{BD0E6782-2545-48D7-B058-A11336B45E49}.Release|Any CPU.ActiveCfg = Release|Any CPU
		{BD0E6782-2545-48D7-B058-A11336B45E49}.Release|Any CPU.Build.0 = Release|Any CPU
		{0113CDCC-CA82-4054-9A06-3C8973078F1B}.Debug|Any CPU.ActiveCfg = Debug|Any CPU
		{0113CDCC-CA82-4054-9A06-3C8973078F1B}.Debug|Any CPU.Build.0 = Debug|Any CPU
		{0113CDCC-CA82-4054-9A06-3C8973078F1B}.Release|Any CPU.ActiveCfg = Release|Any CPU
		{0113CDCC-CA82-4054-9A06-3C8973078F1B}.Release|Any CPU.Build.0 = Release|Any CPU
		{674A6859-FA26-4AFD-A1ED-BDC13D632F11}.Debug|Any CPU.ActiveCfg = Debug|Any CPU
		{674A6859-FA26-4AFD-A1ED-BDC13D632F11}.Debug|Any CPU.Build.0 = Debug|Any CPU
		{674A6859-FA26-4AFD-A1ED-BDC13D632F11}.Release|Any CPU.ActiveCfg = Release|Any CPU
		{674A6859-FA26-4AFD-A1ED-BDC13D632F11}.Release|Any CPU.Build.0 = Release|Any CPU
		{7BD4DFB1-7F38-4BF9-BF08-E9C950A7358E}.Debug|Any CPU.ActiveCfg = Debug|Any CPU
		{7BD4DFB1-7F38-4BF9-BF08-E9C950A7358E}.Debug|Any CPU.Build.0 = Debug|Any CPU
		{7BD4DFB1-7F38-4BF9-BF08-E9C950A7358E}.Release|Any CPU.ActiveCfg = Release|Any CPU
		{7BD4DFB1-7F38-4BF9-BF08-E9C950A7358E}.Release|Any CPU.Build.0 = Release|Any CPU
		{3F0527E1-ACD7-4DD1-A846-AC0091BF921E}.Debug|Any CPU.ActiveCfg = Debug|Any CPU
		{3F0527E1-ACD7-4DD1-A846-AC0091BF921E}.Debug|Any CPU.Build.0 = Debug|Any CPU
		{3F0527E1-ACD7-4DD1-A846-AC0091BF921E}.Release|Any CPU.ActiveCfg = Release|Any CPU
		{3F0527E1-ACD7-4DD1-A846-AC0091BF921E}.Release|Any CPU.Build.0 = Release|Any CPU
		{92F91EFA-4BE3-4802-9B11-228124FF4E04}.Debug|Any CPU.ActiveCfg = Debug|Any CPU
		{92F91EFA-4BE3-4802-9B11-228124FF4E04}.Debug|Any CPU.Build.0 = Debug|Any CPU
		{92F91EFA-4BE3-4802-9B11-228124FF4E04}.Release|Any CPU.ActiveCfg = Release|Any CPU
		{92F91EFA-4BE3-4802-9B11-228124FF4E04}.Release|Any CPU.Build.0 = Release|Any CPU
		{464EB9E1-967A-442A-9727-19046702AC17}.Debug|Any CPU.ActiveCfg = Debug|Any CPU
		{464EB9E1-967A-442A-9727-19046702AC17}.Debug|Any CPU.Build.0 = Debug|Any CPU
		{464EB9E1-967A-442A-9727-19046702AC17}.Release|Any CPU.ActiveCfg = Release|Any CPU
		{464EB9E1-967A-442A-9727-19046702AC17}.Release|Any CPU.Build.0 = Release|Any CPU
		{F799DE50-B481-4AC3-BC34-2022D046E2A6}.Debug|Any CPU.ActiveCfg = Debug|Any CPU
		{F799DE50-B481-4AC3-BC34-2022D046E2A6}.Debug|Any CPU.Build.0 = Debug|Any CPU
		{F799DE50-B481-4AC3-BC34-2022D046E2A6}.Release|Any CPU.ActiveCfg = Release|Any CPU
		{F799DE50-B481-4AC3-BC34-2022D046E2A6}.Release|Any CPU.Build.0 = Release|Any CPU
		{C2B2A141-8C31-4D56-B144-5BCB7D9C7BF9}.Debug|Any CPU.ActiveCfg = Debug|Any CPU
		{C2B2A141-8C31-4D56-B144-5BCB7D9C7BF9}.Debug|Any CPU.Build.0 = Debug|Any CPU
		{C2B2A141-8C31-4D56-B144-5BCB7D9C7BF9}.Release|Any CPU.ActiveCfg = Release|Any CPU
		{C2B2A141-8C31-4D56-B144-5BCB7D9C7BF9}.Release|Any CPU.Build.0 = Release|Any CPU
		{393708DB-E199-4A6C-A163-B39F911ECE8F}.Debug|Any CPU.ActiveCfg = Debug|Any CPU
		{393708DB-E199-4A6C-A163-B39F911ECE8F}.Debug|Any CPU.Build.0 = Debug|Any CPU
		{393708DB-E199-4A6C-A163-B39F911ECE8F}.Release|Any CPU.ActiveCfg = Release|Any CPU
		{393708DB-E199-4A6C-A163-B39F911ECE8F}.Release|Any CPU.Build.0 = Release|Any CPU
		{0034FA5B-BB31-48A5-A44B-AB208FB15D96}.Debug|Any CPU.ActiveCfg = Debug|Any CPU
		{0034FA5B-BB31-48A5-A44B-AB208FB15D96}.Debug|Any CPU.Build.0 = Debug|Any CPU
		{0034FA5B-BB31-48A5-A44B-AB208FB15D96}.Release|Any CPU.ActiveCfg = Release|Any CPU
		{0034FA5B-BB31-48A5-A44B-AB208FB15D96}.Release|Any CPU.Build.0 = Release|Any CPU
		{E7496697-76A9-4996-B200-A2FFD6CA3ED5}.Debug|Any CPU.ActiveCfg = Debug|Any CPU
		{E7496697-76A9-4996-B200-A2FFD6CA3ED5}.Debug|Any CPU.Build.0 = Debug|Any CPU
		{E7496697-76A9-4996-B200-A2FFD6CA3ED5}.Release|Any CPU.ActiveCfg = Release|Any CPU
		{E7496697-76A9-4996-B200-A2FFD6CA3ED5}.Release|Any CPU.Build.0 = Release|Any CPU
		{137990A9-2E1D-46FC-8658-AF61A9BD4BBE}.Debug|Any CPU.ActiveCfg = Debug|Any CPU
		{137990A9-2E1D-46FC-8658-AF61A9BD4BBE}.Debug|Any CPU.Build.0 = Debug|Any CPU
		{137990A9-2E1D-46FC-8658-AF61A9BD4BBE}.Release|Any CPU.ActiveCfg = Release|Any CPU
		{137990A9-2E1D-46FC-8658-AF61A9BD4BBE}.Release|Any CPU.Build.0 = Release|Any CPU
		{45C1CBE6-8C17-4FC3-A2F0-BCA845D2D56D}.Debug|Any CPU.ActiveCfg = Debug|Any CPU
		{45C1CBE6-8C17-4FC3-A2F0-BCA845D2D56D}.Debug|Any CPU.Build.0 = Debug|Any CPU
		{45C1CBE6-8C17-4FC3-A2F0-BCA845D2D56D}.Release|Any CPU.ActiveCfg = Release|Any CPU
		{45C1CBE6-8C17-4FC3-A2F0-BCA845D2D56D}.Release|Any CPU.Build.0 = Release|Any CPU
		{6E40B36C-C8B9-4C57-904D-947E5DADD6B1}.Debug|Any CPU.ActiveCfg = Debug|Any CPU
		{6E40B36C-C8B9-4C57-904D-947E5DADD6B1}.Debug|Any CPU.Build.0 = Debug|Any CPU
		{6E40B36C-C8B9-4C57-904D-947E5DADD6B1}.Release|Any CPU.ActiveCfg = Release|Any CPU
		{6E40B36C-C8B9-4C57-904D-947E5DADD6B1}.Release|Any CPU.Build.0 = Release|Any CPU
		{4442FF70-5455-4D53-A5AB-BE7EDCAD6247}.Debug|Any CPU.ActiveCfg = Debug|Any CPU
		{4442FF70-5455-4D53-A5AB-BE7EDCAD6247}.Debug|Any CPU.Build.0 = Debug|Any CPU
		{4442FF70-5455-4D53-A5AB-BE7EDCAD6247}.Release|Any CPU.ActiveCfg = Release|Any CPU
		{4442FF70-5455-4D53-A5AB-BE7EDCAD6247}.Release|Any CPU.Build.0 = Release|Any CPU
		{1513539E-7C46-4F0F-9BAC-7310D08F15C3}.Debug|Any CPU.ActiveCfg = Debug|Any CPU
		{1513539E-7C46-4F0F-9BAC-7310D08F15C3}.Debug|Any CPU.Build.0 = Debug|Any CPU
		{1513539E-7C46-4F0F-9BAC-7310D08F15C3}.Release|Any CPU.ActiveCfg = Release|Any CPU
		{1513539E-7C46-4F0F-9BAC-7310D08F15C3}.Release|Any CPU.Build.0 = Release|Any CPU
		{ECA67CAE-54B1-4524-AEB5-5AF4AAD66BD5}.Debug|Any CPU.ActiveCfg = Debug|Any CPU
		{ECA67CAE-54B1-4524-AEB5-5AF4AAD66BD5}.Debug|Any CPU.Build.0 = Debug|Any CPU
		{ECA67CAE-54B1-4524-AEB5-5AF4AAD66BD5}.Release|Any CPU.ActiveCfg = Release|Any CPU
		{ECA67CAE-54B1-4524-AEB5-5AF4AAD66BD5}.Release|Any CPU.Build.0 = Release|Any CPU
		{2479B7CA-0299-46A9-8656-DB7712174EB4}.Debug|Any CPU.ActiveCfg = Debug|Any CPU
		{2479B7CA-0299-46A9-8656-DB7712174EB4}.Debug|Any CPU.Build.0 = Debug|Any CPU
		{2479B7CA-0299-46A9-8656-DB7712174EB4}.Release|Any CPU.ActiveCfg = Release|Any CPU
		{2479B7CA-0299-46A9-8656-DB7712174EB4}.Release|Any CPU.Build.0 = Release|Any CPU
		{136C34CF-A0C0-47C4-8DE9-313AB4AF644C}.Debug|Any CPU.ActiveCfg = Debug|Any CPU
		{136C34CF-A0C0-47C4-8DE9-313AB4AF644C}.Debug|Any CPU.Build.0 = Debug|Any CPU
		{136C34CF-A0C0-47C4-8DE9-313AB4AF644C}.Release|Any CPU.ActiveCfg = Release|Any CPU
		{136C34CF-A0C0-47C4-8DE9-313AB4AF644C}.Release|Any CPU.Build.0 = Release|Any CPU
		{E7B79B70-17E3-43F2-A82E-08F964023712}.Debug|Any CPU.ActiveCfg = Debug|Any CPU
		{E7B79B70-17E3-43F2-A82E-08F964023712}.Debug|Any CPU.Build.0 = Debug|Any CPU
		{E7B79B70-17E3-43F2-A82E-08F964023712}.Release|Any CPU.ActiveCfg = Release|Any CPU
		{E7B79B70-17E3-43F2-A82E-08F964023712}.Release|Any CPU.Build.0 = Release|Any CPU
		{3B690557-4963-4D4C-96AE-66548EC659C2}.Debug|Any CPU.ActiveCfg = Debug|Any CPU
		{3B690557-4963-4D4C-96AE-66548EC659C2}.Debug|Any CPU.Build.0 = Debug|Any CPU
		{3B690557-4963-4D4C-96AE-66548EC659C2}.Release|Any CPU.ActiveCfg = Release|Any CPU
		{3B690557-4963-4D4C-96AE-66548EC659C2}.Release|Any CPU.Build.0 = Release|Any CPU
		{06C39B32-3150-4FC4-8D0A-16AF3433598C}.Debug|Any CPU.ActiveCfg = Debug|Any CPU
		{06C39B32-3150-4FC4-8D0A-16AF3433598C}.Debug|Any CPU.Build.0 = Debug|Any CPU
		{06C39B32-3150-4FC4-8D0A-16AF3433598C}.Release|Any CPU.ActiveCfg = Release|Any CPU
		{06C39B32-3150-4FC4-8D0A-16AF3433598C}.Release|Any CPU.Build.0 = Release|Any CPU
		{08046F2F-90B5-4C8F-AEA9-F9C739534179}.Debug|Any CPU.ActiveCfg = Debug|Any CPU
		{08046F2F-90B5-4C8F-AEA9-F9C739534179}.Debug|Any CPU.Build.0 = Debug|Any CPU
		{08046F2F-90B5-4C8F-AEA9-F9C739534179}.Release|Any CPU.ActiveCfg = Release|Any CPU
		{08046F2F-90B5-4C8F-AEA9-F9C739534179}.Release|Any CPU.Build.0 = Release|Any CPU
		{3A06FDBA-6FF8-4C89-9203-36758770D9FB}.Debug|Any CPU.ActiveCfg = Debug|Any CPU
		{3A06FDBA-6FF8-4C89-9203-36758770D9FB}.Debug|Any CPU.Build.0 = Debug|Any CPU
		{3A06FDBA-6FF8-4C89-9203-36758770D9FB}.Release|Any CPU.ActiveCfg = Release|Any CPU
		{3A06FDBA-6FF8-4C89-9203-36758770D9FB}.Release|Any CPU.Build.0 = Release|Any CPU
		{566C66B5-B6C7-451A-8E55-E70B646920F6}.Debug|Any CPU.ActiveCfg = Debug|Any CPU
		{566C66B5-B6C7-451A-8E55-E70B646920F6}.Debug|Any CPU.Build.0 = Debug|Any CPU
		{566C66B5-B6C7-451A-8E55-E70B646920F6}.Release|Any CPU.ActiveCfg = Release|Any CPU
		{566C66B5-B6C7-451A-8E55-E70B646920F6}.Release|Any CPU.Build.0 = Release|Any CPU
		{1D8F1AAC-724E-46D2-AD64-F44FE1D61F5C}.Debug|Any CPU.ActiveCfg = Debug|Any CPU
		{1D8F1AAC-724E-46D2-AD64-F44FE1D61F5C}.Debug|Any CPU.Build.0 = Debug|Any CPU
		{1D8F1AAC-724E-46D2-AD64-F44FE1D61F5C}.Release|Any CPU.ActiveCfg = Release|Any CPU
		{1D8F1AAC-724E-46D2-AD64-F44FE1D61F5C}.Release|Any CPU.Build.0 = Release|Any CPU
		{BDA9BDBF-37E4-4E60-A529-2F38E3FE0138}.Debug|Any CPU.ActiveCfg = Debug|Any CPU
		{BDA9BDBF-37E4-4E60-A529-2F38E3FE0138}.Debug|Any CPU.Build.0 = Debug|Any CPU
		{BDA9BDBF-37E4-4E60-A529-2F38E3FE0138}.Release|Any CPU.ActiveCfg = Release|Any CPU
		{BDA9BDBF-37E4-4E60-A529-2F38E3FE0138}.Release|Any CPU.Build.0 = Release|Any CPU
		{1012DDDC-78E5-45F7-81EA-6F65FDB2B624}.Debug|Any CPU.ActiveCfg = Debug|Any CPU
		{1012DDDC-78E5-45F7-81EA-6F65FDB2B624}.Debug|Any CPU.Build.0 = Debug|Any CPU
		{1012DDDC-78E5-45F7-81EA-6F65FDB2B624}.Release|Any CPU.ActiveCfg = Release|Any CPU
		{1012DDDC-78E5-45F7-81EA-6F65FDB2B624}.Release|Any CPU.Build.0 = Release|Any CPU
		{85280E02-D8CE-417D-A587-316495808CAF}.Debug|Any CPU.ActiveCfg = Debug|Any CPU
		{85280E02-D8CE-417D-A587-316495808CAF}.Debug|Any CPU.Build.0 = Debug|Any CPU
		{85280E02-D8CE-417D-A587-316495808CAF}.Release|Any CPU.ActiveCfg = Release|Any CPU
		{85280E02-D8CE-417D-A587-316495808CAF}.Release|Any CPU.Build.0 = Release|Any CPU
		{0E519CE5-9C6C-4AD3-8B9E-79D4839A3FBF}.Debug|Any CPU.ActiveCfg = Debug|Any CPU
		{0E519CE5-9C6C-4AD3-8B9E-79D4839A3FBF}.Debug|Any CPU.Build.0 = Debug|Any CPU
		{0E519CE5-9C6C-4AD3-8B9E-79D4839A3FBF}.Release|Any CPU.ActiveCfg = Release|Any CPU
		{0E519CE5-9C6C-4AD3-8B9E-79D4839A3FBF}.Release|Any CPU.Build.0 = Release|Any CPU
		{433FC9AF-A365-4BB7-B613-00D740A55527}.Debug|Any CPU.ActiveCfg = Debug|Any CPU
		{433FC9AF-A365-4BB7-B613-00D740A55527}.Debug|Any CPU.Build.0 = Debug|Any CPU
		{433FC9AF-A365-4BB7-B613-00D740A55527}.Release|Any CPU.ActiveCfg = Release|Any CPU
		{433FC9AF-A365-4BB7-B613-00D740A55527}.Release|Any CPU.Build.0 = Release|Any CPU
		{C33B611F-B07E-4D0D-AF88-5FAA0B5AB6B0}.Debug|Any CPU.ActiveCfg = Debug|Any CPU
		{C33B611F-B07E-4D0D-AF88-5FAA0B5AB6B0}.Debug|Any CPU.Build.0 = Debug|Any CPU
		{C33B611F-B07E-4D0D-AF88-5FAA0B5AB6B0}.Release|Any CPU.ActiveCfg = Release|Any CPU
		{C33B611F-B07E-4D0D-AF88-5FAA0B5AB6B0}.Release|Any CPU.Build.0 = Release|Any CPU
		{99285DE2-B179-4DD7-9BCA-6C7D757698C2}.Debug|Any CPU.ActiveCfg = Debug|Any CPU
		{99285DE2-B179-4DD7-9BCA-6C7D757698C2}.Debug|Any CPU.Build.0 = Debug|Any CPU
		{99285DE2-B179-4DD7-9BCA-6C7D757698C2}.Release|Any CPU.ActiveCfg = Release|Any CPU
		{99285DE2-B179-4DD7-9BCA-6C7D757698C2}.Release|Any CPU.Build.0 = Release|Any CPU
		{6321EC46-891A-4070-8814-C5B6F8CEF289}.Debug|Any CPU.ActiveCfg = Debug|Any CPU
		{6321EC46-891A-4070-8814-C5B6F8CEF289}.Debug|Any CPU.Build.0 = Debug|Any CPU
		{6321EC46-891A-4070-8814-C5B6F8CEF289}.Release|Any CPU.ActiveCfg = Release|Any CPU
		{6321EC46-891A-4070-8814-C5B6F8CEF289}.Release|Any CPU.Build.0 = Release|Any CPU
		{5E9BF932-A0EE-4CCF-8BC9-F8C8C0208F50}.Debug|Any CPU.ActiveCfg = Debug|Any CPU
		{5E9BF932-A0EE-4CCF-8BC9-F8C8C0208F50}.Debug|Any CPU.Build.0 = Debug|Any CPU
		{5E9BF932-A0EE-4CCF-8BC9-F8C8C0208F50}.Release|Any CPU.ActiveCfg = Release|Any CPU
		{5E9BF932-A0EE-4CCF-8BC9-F8C8C0208F50}.Release|Any CPU.Build.0 = Release|Any CPU
		{C7D0E942-5787-4F79-A744-F1E369BDBF87}.Debug|Any CPU.ActiveCfg = Debug|Any CPU
		{C7D0E942-5787-4F79-A744-F1E369BDBF87}.Debug|Any CPU.Build.0 = Debug|Any CPU
		{C7D0E942-5787-4F79-A744-F1E369BDBF87}.Release|Any CPU.ActiveCfg = Release|Any CPU
		{C7D0E942-5787-4F79-A744-F1E369BDBF87}.Release|Any CPU.Build.0 = Release|Any CPU
		{CAB222D3-12AA-4916-88E6-548262C7890C}.Debug|Any CPU.ActiveCfg = Debug|Any CPU
		{CAB222D3-12AA-4916-88E6-548262C7890C}.Debug|Any CPU.Build.0 = Debug|Any CPU
		{CAB222D3-12AA-4916-88E6-548262C7890C}.Release|Any CPU.ActiveCfg = Release|Any CPU
		{CAB222D3-12AA-4916-88E6-548262C7890C}.Release|Any CPU.Build.0 = Release|Any CPU
		{E99228D7-085E-460F-AAF9-A1EE64786E81}.Debug|Any CPU.ActiveCfg = Debug|Any CPU
		{E99228D7-085E-460F-AAF9-A1EE64786E81}.Debug|Any CPU.Build.0 = Debug|Any CPU
		{E99228D7-085E-460F-AAF9-A1EE64786E81}.Release|Any CPU.ActiveCfg = Release|Any CPU
		{E99228D7-085E-460F-AAF9-A1EE64786E81}.Release|Any CPU.Build.0 = Release|Any CPU
		{154F8B38-82D3-4D75-B053-E46E5485DECF}.Debug|Any CPU.ActiveCfg = Debug|Any CPU
		{154F8B38-82D3-4D75-B053-E46E5485DECF}.Debug|Any CPU.Build.0 = Debug|Any CPU
		{154F8B38-82D3-4D75-B053-E46E5485DECF}.Release|Any CPU.ActiveCfg = Release|Any CPU
		{154F8B38-82D3-4D75-B053-E46E5485DECF}.Release|Any CPU.Build.0 = Release|Any CPU
		{9510EDA6-1027-4B0F-B527-24450040A5B0}.Debug|Any CPU.ActiveCfg = Debug|Any CPU
		{9510EDA6-1027-4B0F-B527-24450040A5B0}.Debug|Any CPU.Build.0 = Debug|Any CPU
		{9510EDA6-1027-4B0F-B527-24450040A5B0}.Release|Any CPU.ActiveCfg = Release|Any CPU
		{9510EDA6-1027-4B0F-B527-24450040A5B0}.Release|Any CPU.Build.0 = Release|Any CPU
		{4AF988CE-E49D-4AC0-B735-8A65F3A0FF0C}.Debug|Any CPU.ActiveCfg = Debug|Any CPU
		{4AF988CE-E49D-4AC0-B735-8A65F3A0FF0C}.Debug|Any CPU.Build.0 = Debug|Any CPU
		{4AF988CE-E49D-4AC0-B735-8A65F3A0FF0C}.Release|Any CPU.ActiveCfg = Release|Any CPU
		{4AF988CE-E49D-4AC0-B735-8A65F3A0FF0C}.Release|Any CPU.Build.0 = Release|Any CPU
		{E26D1487-3390-43DC-BB38-167A68E4900A}.Debug|Any CPU.ActiveCfg = Debug|Any CPU
		{E26D1487-3390-43DC-BB38-167A68E4900A}.Debug|Any CPU.Build.0 = Debug|Any CPU
		{E26D1487-3390-43DC-BB38-167A68E4900A}.Release|Any CPU.ActiveCfg = Release|Any CPU
		{E26D1487-3390-43DC-BB38-167A68E4900A}.Release|Any CPU.Build.0 = Release|Any CPU
		{FC948B75-F62F-485F-A2B6-C1F08C32F96F}.Debug|Any CPU.ActiveCfg = Debug|Any CPU
		{FC948B75-F62F-485F-A2B6-C1F08C32F96F}.Debug|Any CPU.Build.0 = Debug|Any CPU
		{FC948B75-F62F-485F-A2B6-C1F08C32F96F}.Release|Any CPU.ActiveCfg = Release|Any CPU
		{FC948B75-F62F-485F-A2B6-C1F08C32F96F}.Release|Any CPU.Build.0 = Release|Any CPU
		{439C01BF-0AE9-4648-9038-8F07DA8E9968}.Debug|Any CPU.ActiveCfg = Debug|Any CPU
		{439C01BF-0AE9-4648-9038-8F07DA8E9968}.Debug|Any CPU.Build.0 = Debug|Any CPU
		{439C01BF-0AE9-4648-9038-8F07DA8E9968}.Release|Any CPU.ActiveCfg = Release|Any CPU
		{439C01BF-0AE9-4648-9038-8F07DA8E9968}.Release|Any CPU.Build.0 = Release|Any CPU
		{16300B6B-7F60-496E-8C84-0A5871CDD25C}.Debug|Any CPU.ActiveCfg = Debug|Any CPU
		{16300B6B-7F60-496E-8C84-0A5871CDD25C}.Debug|Any CPU.Build.0 = Debug|Any CPU
		{16300B6B-7F60-496E-8C84-0A5871CDD25C}.Release|Any CPU.ActiveCfg = Release|Any CPU
		{16300B6B-7F60-496E-8C84-0A5871CDD25C}.Release|Any CPU.Build.0 = Release|Any CPU
		{ABA3703B-AF43-4AE5-BF7D-60A6D0D57796}.Debug|Any CPU.ActiveCfg = Debug|Any CPU
		{ABA3703B-AF43-4AE5-BF7D-60A6D0D57796}.Debug|Any CPU.Build.0 = Debug|Any CPU
		{ABA3703B-AF43-4AE5-BF7D-60A6D0D57796}.Release|Any CPU.ActiveCfg = Release|Any CPU
		{ABA3703B-AF43-4AE5-BF7D-60A6D0D57796}.Release|Any CPU.Build.0 = Release|Any CPU
		{C0C7B4BA-8F69-4B81-8055-0EDDBF73E38D}.Debug|Any CPU.ActiveCfg = Debug|Any CPU
		{C0C7B4BA-8F69-4B81-8055-0EDDBF73E38D}.Debug|Any CPU.Build.0 = Debug|Any CPU
		{C0C7B4BA-8F69-4B81-8055-0EDDBF73E38D}.Release|Any CPU.ActiveCfg = Release|Any CPU
		{C0C7B4BA-8F69-4B81-8055-0EDDBF73E38D}.Release|Any CPU.Build.0 = Release|Any CPU
		{E80F26E8-A8FA-4675-ABAF-C202CDBA63F6}.Debug|Any CPU.ActiveCfg = Debug|Any CPU
		{E80F26E8-A8FA-4675-ABAF-C202CDBA63F6}.Debug|Any CPU.Build.0 = Debug|Any CPU
		{E80F26E8-A8FA-4675-ABAF-C202CDBA63F6}.Release|Any CPU.ActiveCfg = Release|Any CPU
		{E80F26E8-A8FA-4675-ABAF-C202CDBA63F6}.Release|Any CPU.Build.0 = Release|Any CPU
		{7379E21C-CF5D-4180-89F3-E8AC8250545B}.Debug|Any CPU.ActiveCfg = Debug|Any CPU
		{7379E21C-CF5D-4180-89F3-E8AC8250545B}.Debug|Any CPU.Build.0 = Debug|Any CPU
		{7379E21C-CF5D-4180-89F3-E8AC8250545B}.Release|Any CPU.ActiveCfg = Release|Any CPU
		{7379E21C-CF5D-4180-89F3-E8AC8250545B}.Release|Any CPU.Build.0 = Release|Any CPU
		{0903AFFB-7C70-40D4-813E-6C4266E942D8}.Debug|Any CPU.ActiveCfg = Debug|Any CPU
		{0903AFFB-7C70-40D4-813E-6C4266E942D8}.Debug|Any CPU.Build.0 = Debug|Any CPU
		{0903AFFB-7C70-40D4-813E-6C4266E942D8}.Release|Any CPU.ActiveCfg = Release|Any CPU
		{0903AFFB-7C70-40D4-813E-6C4266E942D8}.Release|Any CPU.Build.0 = Release|Any CPU
		{E9A19DE5-BA9C-4F39-9B20-5849F25807F4}.Debug|Any CPU.ActiveCfg = Debug|Any CPU
		{E9A19DE5-BA9C-4F39-9B20-5849F25807F4}.Debug|Any CPU.Build.0 = Debug|Any CPU
		{E9A19DE5-BA9C-4F39-9B20-5849F25807F4}.Release|Any CPU.ActiveCfg = Release|Any CPU
		{E9A19DE5-BA9C-4F39-9B20-5849F25807F4}.Release|Any CPU.Build.0 = Release|Any CPU
		{029576E9-DE05-4AB4-8479-1BE7F3248927}.Debug|Any CPU.ActiveCfg = Debug|Any CPU
		{029576E9-DE05-4AB4-8479-1BE7F3248927}.Debug|Any CPU.Build.0 = Debug|Any CPU
		{029576E9-DE05-4AB4-8479-1BE7F3248927}.Release|Any CPU.ActiveCfg = Release|Any CPU
		{029576E9-DE05-4AB4-8479-1BE7F3248927}.Release|Any CPU.Build.0 = Release|Any CPU
		{09E74018-0DA6-496B-A42C-F00C7ABC1CAD}.Debug|Any CPU.ActiveCfg = Debug|Any CPU
		{09E74018-0DA6-496B-A42C-F00C7ABC1CAD}.Debug|Any CPU.Build.0 = Debug|Any CPU
		{09E74018-0DA6-496B-A42C-F00C7ABC1CAD}.Release|Any CPU.ActiveCfg = Release|Any CPU
		{09E74018-0DA6-496B-A42C-F00C7ABC1CAD}.Release|Any CPU.Build.0 = Release|Any CPU
		{EE88DA48-F89E-46B1-AE27-A52A10A8CEC7}.Debug|Any CPU.ActiveCfg = Debug|Any CPU
		{EE88DA48-F89E-46B1-AE27-A52A10A8CEC7}.Debug|Any CPU.Build.0 = Debug|Any CPU
		{EE88DA48-F89E-46B1-AE27-A52A10A8CEC7}.Release|Any CPU.ActiveCfg = Release|Any CPU
		{EE88DA48-F89E-46B1-AE27-A52A10A8CEC7}.Release|Any CPU.Build.0 = Release|Any CPU
		{D327D3CB-D133-4028-9B71-C84B5B9D08E4}.Debug|Any CPU.ActiveCfg = Debug|Any CPU
		{D327D3CB-D133-4028-9B71-C84B5B9D08E4}.Debug|Any CPU.Build.0 = Debug|Any CPU
		{D327D3CB-D133-4028-9B71-C84B5B9D08E4}.Release|Any CPU.ActiveCfg = Release|Any CPU
		{D327D3CB-D133-4028-9B71-C84B5B9D08E4}.Release|Any CPU.Build.0 = Release|Any CPU
		{579C6EC6-9FA4-4135-A658-D8A1BDFCDB7F}.Debug|Any CPU.ActiveCfg = Debug|Any CPU
		{579C6EC6-9FA4-4135-A658-D8A1BDFCDB7F}.Debug|Any CPU.Build.0 = Debug|Any CPU
		{579C6EC6-9FA4-4135-A658-D8A1BDFCDB7F}.Release|Any CPU.ActiveCfg = Release|Any CPU
		{579C6EC6-9FA4-4135-A658-D8A1BDFCDB7F}.Release|Any CPU.Build.0 = Release|Any CPU
		{571E76F2-7ECE-4EA3-ADE2-93C83626932A}.Debug|Any CPU.ActiveCfg = Debug|Any CPU
		{571E76F2-7ECE-4EA3-ADE2-93C83626932A}.Debug|Any CPU.Build.0 = Debug|Any CPU
		{571E76F2-7ECE-4EA3-ADE2-93C83626932A}.Release|Any CPU.ActiveCfg = Release|Any CPU
		{571E76F2-7ECE-4EA3-ADE2-93C83626932A}.Release|Any CPU.Build.0 = Release|Any CPU
		{008239A1-1E77-4F2C-93D0-4FFD2AF387B3}.Debug|Any CPU.ActiveCfg = Debug|Any CPU
		{008239A1-1E77-4F2C-93D0-4FFD2AF387B3}.Debug|Any CPU.Build.0 = Debug|Any CPU
		{008239A1-1E77-4F2C-93D0-4FFD2AF387B3}.Release|Any CPU.ActiveCfg = Release|Any CPU
		{008239A1-1E77-4F2C-93D0-4FFD2AF387B3}.Release|Any CPU.Build.0 = Release|Any CPU
		{DEE28D61-212F-4942-A136-36CDF59C6BDE}.Debug|Any CPU.ActiveCfg = Debug|Any CPU
		{DEE28D61-212F-4942-A136-36CDF59C6BDE}.Debug|Any CPU.Build.0 = Debug|Any CPU
		{DEE28D61-212F-4942-A136-36CDF59C6BDE}.Release|Any CPU.ActiveCfg = Release|Any CPU
		{DEE28D61-212F-4942-A136-36CDF59C6BDE}.Release|Any CPU.Build.0 = Release|Any CPU
		{847304D5-497C-4D01-95C6-C5F5D50E48A1}.Debug|Any CPU.ActiveCfg = Debug|Any CPU
		{847304D5-497C-4D01-95C6-C5F5D50E48A1}.Debug|Any CPU.Build.0 = Debug|Any CPU
		{847304D5-497C-4D01-95C6-C5F5D50E48A1}.Release|Any CPU.ActiveCfg = Release|Any CPU
		{847304D5-497C-4D01-95C6-C5F5D50E48A1}.Release|Any CPU.Build.0 = Release|Any CPU
		{ECE0D536-4144-4F50-8613-C2BF0EF214A1}.Debug|Any CPU.ActiveCfg = Debug|Any CPU
		{ECE0D536-4144-4F50-8613-C2BF0EF214A1}.Debug|Any CPU.Build.0 = Debug|Any CPU
		{ECE0D536-4144-4F50-8613-C2BF0EF214A1}.Release|Any CPU.ActiveCfg = Release|Any CPU
		{ECE0D536-4144-4F50-8613-C2BF0EF214A1}.Release|Any CPU.Build.0 = Release|Any CPU
		{59F9232A-3FD3-460F-9048-E727EAE03456}.Debug|Any CPU.ActiveCfg = Debug|Any CPU
		{59F9232A-3FD3-460F-9048-E727EAE03456}.Debug|Any CPU.Build.0 = Debug|Any CPU
		{59F9232A-3FD3-460F-9048-E727EAE03456}.Release|Any CPU.ActiveCfg = Release|Any CPU
		{59F9232A-3FD3-460F-9048-E727EAE03456}.Release|Any CPU.Build.0 = Release|Any CPU
		{74086CCF-88B2-43A5-AF7D-CB196EC328CB}.Debug|Any CPU.ActiveCfg = Debug|Any CPU
		{74086CCF-88B2-43A5-AF7D-CB196EC328CB}.Debug|Any CPU.Build.0 = Debug|Any CPU
		{74086CCF-88B2-43A5-AF7D-CB196EC328CB}.Release|Any CPU.ActiveCfg = Release|Any CPU
		{74086CCF-88B2-43A5-AF7D-CB196EC328CB}.Release|Any CPU.Build.0 = Release|Any CPU
		{C8D54AAF-B04E-44E2-A822-64DC8E1009F6}.Debug|Any CPU.ActiveCfg = Debug|Any CPU
		{C8D54AAF-B04E-44E2-A822-64DC8E1009F6}.Debug|Any CPU.Build.0 = Debug|Any CPU
		{C8D54AAF-B04E-44E2-A822-64DC8E1009F6}.Release|Any CPU.ActiveCfg = Release|Any CPU
		{C8D54AAF-B04E-44E2-A822-64DC8E1009F6}.Release|Any CPU.Build.0 = Release|Any CPU
		{58F1702A-A02D-4BC0-9D4F-05AD09A96AB9}.Debug|Any CPU.ActiveCfg = Debug|Any CPU
		{58F1702A-A02D-4BC0-9D4F-05AD09A96AB9}.Debug|Any CPU.Build.0 = Debug|Any CPU
		{58F1702A-A02D-4BC0-9D4F-05AD09A96AB9}.Release|Any CPU.ActiveCfg = Release|Any CPU
		{58F1702A-A02D-4BC0-9D4F-05AD09A96AB9}.Release|Any CPU.Build.0 = Release|Any CPU
		{0E623CC0-73C9-4A0A-8C94-A20FFD0389EB}.Debug|Any CPU.ActiveCfg = Debug|Any CPU
		{0E623CC0-73C9-4A0A-8C94-A20FFD0389EB}.Debug|Any CPU.Build.0 = Debug|Any CPU
		{0E623CC0-73C9-4A0A-8C94-A20FFD0389EB}.Release|Any CPU.ActiveCfg = Release|Any CPU
		{0E623CC0-73C9-4A0A-8C94-A20FFD0389EB}.Release|Any CPU.Build.0 = Release|Any CPU
		{B4069032-06C6-40CC-8718-AAFF22FAFEB1}.Debug|Any CPU.ActiveCfg = Debug|Any CPU
		{B4069032-06C6-40CC-8718-AAFF22FAFEB1}.Debug|Any CPU.Build.0 = Debug|Any CPU
		{B4069032-06C6-40CC-8718-AAFF22FAFEB1}.Release|Any CPU.ActiveCfg = Release|Any CPU
		{B4069032-06C6-40CC-8718-AAFF22FAFEB1}.Release|Any CPU.Build.0 = Release|Any CPU
		{8A9203BC-14BB-4BA9-895F-140E91E84E75}.Debug|Any CPU.ActiveCfg = Debug|Any CPU
		{8A9203BC-14BB-4BA9-895F-140E91E84E75}.Debug|Any CPU.Build.0 = Debug|Any CPU
		{8A9203BC-14BB-4BA9-895F-140E91E84E75}.Release|Any CPU.ActiveCfg = Release|Any CPU
		{8A9203BC-14BB-4BA9-895F-140E91E84E75}.Release|Any CPU.Build.0 = Release|Any CPU
		{47E3F9FF-A906-49BE-B22E-E921A8D9A73B}.Debug|Any CPU.ActiveCfg = Debug|Any CPU
		{47E3F9FF-A906-49BE-B22E-E921A8D9A73B}.Debug|Any CPU.Build.0 = Debug|Any CPU
		{47E3F9FF-A906-49BE-B22E-E921A8D9A73B}.Release|Any CPU.ActiveCfg = Release|Any CPU
		{47E3F9FF-A906-49BE-B22E-E921A8D9A73B}.Release|Any CPU.Build.0 = Release|Any CPU
		{E62A1302-BC43-450B-905B-894DB52FAFC9}.Debug|Any CPU.ActiveCfg = Debug|Any CPU
		{E62A1302-BC43-450B-905B-894DB52FAFC9}.Debug|Any CPU.Build.0 = Debug|Any CPU
		{E62A1302-BC43-450B-905B-894DB52FAFC9}.Release|Any CPU.ActiveCfg = Release|Any CPU
		{E62A1302-BC43-450B-905B-894DB52FAFC9}.Release|Any CPU.Build.0 = Release|Any CPU
		{2847FC73-07F2-49AB-A8B5-430EAF07AF4A}.Debug|Any CPU.ActiveCfg = Debug|Any CPU
		{2847FC73-07F2-49AB-A8B5-430EAF07AF4A}.Debug|Any CPU.Build.0 = Debug|Any CPU
		{2847FC73-07F2-49AB-A8B5-430EAF07AF4A}.Release|Any CPU.ActiveCfg = Release|Any CPU
		{2847FC73-07F2-49AB-A8B5-430EAF07AF4A}.Release|Any CPU.Build.0 = Release|Any CPU
		{330E14E3-40A8-4F6E-B7A5-BA79DA8C17E5}.Debug|Any CPU.ActiveCfg = Debug|Any CPU
		{330E14E3-40A8-4F6E-B7A5-BA79DA8C17E5}.Debug|Any CPU.Build.0 = Debug|Any CPU
		{330E14E3-40A8-4F6E-B7A5-BA79DA8C17E5}.Release|Any CPU.ActiveCfg = Release|Any CPU
		{330E14E3-40A8-4F6E-B7A5-BA79DA8C17E5}.Release|Any CPU.Build.0 = Release|Any CPU
		{5FB00059-8077-4EE7-9B6A-516D9FFFB730}.Debug|Any CPU.ActiveCfg = Debug|Any CPU
		{5FB00059-8077-4EE7-9B6A-516D9FFFB730}.Debug|Any CPU.Build.0 = Debug|Any CPU
		{5FB00059-8077-4EE7-9B6A-516D9FFFB730}.Release|Any CPU.ActiveCfg = Release|Any CPU
		{5FB00059-8077-4EE7-9B6A-516D9FFFB730}.Release|Any CPU.Build.0 = Release|Any CPU
		{FE5EFA40-43E9-4ADE-874B-DFBBA02C6164}.Debug|Any CPU.ActiveCfg = Debug|Any CPU
		{FE5EFA40-43E9-4ADE-874B-DFBBA02C6164}.Debug|Any CPU.Build.0 = Debug|Any CPU
		{FE5EFA40-43E9-4ADE-874B-DFBBA02C6164}.Release|Any CPU.ActiveCfg = Release|Any CPU
		{FE5EFA40-43E9-4ADE-874B-DFBBA02C6164}.Release|Any CPU.Build.0 = Release|Any CPU
		{C2600B64-25E5-4021-B8E9-6D3034FEC687}.Debug|Any CPU.ActiveCfg = Debug|Any CPU
		{C2600B64-25E5-4021-B8E9-6D3034FEC687}.Debug|Any CPU.Build.0 = Debug|Any CPU
		{C2600B64-25E5-4021-B8E9-6D3034FEC687}.Release|Any CPU.ActiveCfg = Release|Any CPU
		{C2600B64-25E5-4021-B8E9-6D3034FEC687}.Release|Any CPU.Build.0 = Release|Any CPU
		{4B5524E0-B546-45E7-9623-FDF3FFCAEC80}.Debug|Any CPU.ActiveCfg = Debug|Any CPU
		{4B5524E0-B546-45E7-9623-FDF3FFCAEC80}.Debug|Any CPU.Build.0 = Debug|Any CPU
		{4B5524E0-B546-45E7-9623-FDF3FFCAEC80}.Release|Any CPU.ActiveCfg = Release|Any CPU
		{4B5524E0-B546-45E7-9623-FDF3FFCAEC80}.Release|Any CPU.Build.0 = Release|Any CPU
		{FE55994D-CED1-497B-AC80-250FF4F2AC95}.Debug|Any CPU.ActiveCfg = Debug|Any CPU
		{FE55994D-CED1-497B-AC80-250FF4F2AC95}.Debug|Any CPU.Build.0 = Debug|Any CPU
		{FE55994D-CED1-497B-AC80-250FF4F2AC95}.Release|Any CPU.ActiveCfg = Release|Any CPU
		{FE55994D-CED1-497B-AC80-250FF4F2AC95}.Release|Any CPU.Build.0 = Release|Any CPU
		{04138CCA-B1F1-4BB1-8BCC-188644F9CDE7}.Debug|Any CPU.ActiveCfg = Debug|Any CPU
		{04138CCA-B1F1-4BB1-8BCC-188644F9CDE7}.Debug|Any CPU.Build.0 = Debug|Any CPU
		{04138CCA-B1F1-4BB1-8BCC-188644F9CDE7}.Release|Any CPU.ActiveCfg = Release|Any CPU
		{04138CCA-B1F1-4BB1-8BCC-188644F9CDE7}.Release|Any CPU.Build.0 = Release|Any CPU
		{A42855D3-2688-4439-8B65-F9B66B232C1A}.Debug|Any CPU.ActiveCfg = Debug|Any CPU
		{A42855D3-2688-4439-8B65-F9B66B232C1A}.Debug|Any CPU.Build.0 = Debug|Any CPU
		{A42855D3-2688-4439-8B65-F9B66B232C1A}.Release|Any CPU.ActiveCfg = Release|Any CPU
		{A42855D3-2688-4439-8B65-F9B66B232C1A}.Release|Any CPU.Build.0 = Release|Any CPU
		{478E639E-B6E3-48D9-84D5-D1DF5B282D5F}.Debug|Any CPU.ActiveCfg = Debug|Any CPU
		{478E639E-B6E3-48D9-84D5-D1DF5B282D5F}.Debug|Any CPU.Build.0 = Debug|Any CPU
		{478E639E-B6E3-48D9-84D5-D1DF5B282D5F}.Release|Any CPU.ActiveCfg = Release|Any CPU
		{478E639E-B6E3-48D9-84D5-D1DF5B282D5F}.Release|Any CPU.Build.0 = Release|Any CPU
		{337BD2D9-C903-42CF-8F88-F13573959D52}.Debug|Any CPU.ActiveCfg = Debug|Any CPU
		{337BD2D9-C903-42CF-8F88-F13573959D52}.Debug|Any CPU.Build.0 = Debug|Any CPU
		{337BD2D9-C903-42CF-8F88-F13573959D52}.Release|Any CPU.ActiveCfg = Release|Any CPU
		{337BD2D9-C903-42CF-8F88-F13573959D52}.Release|Any CPU.Build.0 = Release|Any CPU
		{6FF23AB9-E889-4EE8-A03F-76FF5EF81A1D}.Debug|Any CPU.ActiveCfg = Debug|Any CPU
		{6FF23AB9-E889-4EE8-A03F-76FF5EF81A1D}.Debug|Any CPU.Build.0 = Debug|Any CPU
		{6FF23AB9-E889-4EE8-A03F-76FF5EF81A1D}.Release|Any CPU.ActiveCfg = Release|Any CPU
		{6FF23AB9-E889-4EE8-A03F-76FF5EF81A1D}.Release|Any CPU.Build.0 = Release|Any CPU
		{A222DD7A-9172-44A4-80D7-D34BD5CE2F88}.Debug|Any CPU.ActiveCfg = Debug|Any CPU
		{A222DD7A-9172-44A4-80D7-D34BD5CE2F88}.Debug|Any CPU.Build.0 = Debug|Any CPU
		{A222DD7A-9172-44A4-80D7-D34BD5CE2F88}.Release|Any CPU.ActiveCfg = Release|Any CPU
		{A222DD7A-9172-44A4-80D7-D34BD5CE2F88}.Release|Any CPU.Build.0 = Release|Any CPU
		{EF5B1D71-7A2C-4B8C-A1BA-C2FE535394D5}.Debug|Any CPU.ActiveCfg = Debug|Any CPU
		{EF5B1D71-7A2C-4B8C-A1BA-C2FE535394D5}.Debug|Any CPU.Build.0 = Debug|Any CPU
		{EF5B1D71-7A2C-4B8C-A1BA-C2FE535394D5}.Release|Any CPU.ActiveCfg = Release|Any CPU
		{EF5B1D71-7A2C-4B8C-A1BA-C2FE535394D5}.Release|Any CPU.Build.0 = Release|Any CPU
		{3C6BA9F5-0EA9-42CF-B2F7-660877E1A131}.Debug|Any CPU.ActiveCfg = Debug|Any CPU
		{3C6BA9F5-0EA9-42CF-B2F7-660877E1A131}.Debug|Any CPU.Build.0 = Debug|Any CPU
		{3C6BA9F5-0EA9-42CF-B2F7-660877E1A131}.Release|Any CPU.ActiveCfg = Release|Any CPU
		{3C6BA9F5-0EA9-42CF-B2F7-660877E1A131}.Release|Any CPU.Build.0 = Release|Any CPU
		{F4443969-8E3A-4690-BF19-8E776B0CBCCD}.Debug|Any CPU.ActiveCfg = Debug|Any CPU
		{F4443969-8E3A-4690-BF19-8E776B0CBCCD}.Debug|Any CPU.Build.0 = Debug|Any CPU
		{F4443969-8E3A-4690-BF19-8E776B0CBCCD}.Release|Any CPU.ActiveCfg = Release|Any CPU
		{F4443969-8E3A-4690-BF19-8E776B0CBCCD}.Release|Any CPU.Build.0 = Release|Any CPU
	EndGlobalSection
	GlobalSection(SolutionProperties) = preSolution
		HideSolutionNode = FALSE
	EndGlobalSection
	GlobalSection(ExtensibilityGlobals) = postSolution
		SolutionGuid = {D996298D-E4E6-41BA-AF44-E7DD3A4D2983}
	EndGlobalSection
EndGlobal
